
Microsoft Visual Studio Solution File, Format Version 12.00
# Visual Studio Version 17
VisualStudioVersion = 17.7.34024.191
MinimumVisualStudioVersion = 10.0.40219.1
Project("{FAE04EC0-301F-11D3-BF4B-00C04F79EFBC}") = "1111442_hw2", "1111442_hw2.csproj", "{068E7572-A761-4560-9553-7FC2B18F913F}"
EndProject
Global
	GlobalSection(SolutionConfigurationPlatforms) = preSolution
		Debug|Any CPU = Debug|Any CPU
		Release|Any CPU = Release|Any CPU
	EndGlobalSection
	GlobalSection(ProjectConfigurationPlatforms) = postSolution
		{068E7572-A761-4560-9553-7FC2B18F913F}.Debug|Any CPU.ActiveCfg = Debug|Any CPU
		{068E7572-A761-4560-9553-7FC2B18F913F}.Debug|Any CPU.Build.0 = Debug|Any CPU
		{068E7572-A761-4560-9553-7FC2B18F913F}.Release|Any CPU.ActiveCfg = Release|Any CPU
		{068E7572-A761-4560-9553-7FC2B18F913F}.Release|Any CPU.Build.0 = Release|Any CPU
	EndGlobalSection
	GlobalSection(SolutionProperties) = preSolution
		HideSolutionNode = FALSE
	EndGlobalSection
	GlobalSection(ExtensibilityGlobals) = postSolution
		SolutionGuid = {84D83FFB-4CFD-4D06-B4E4-AAA64A382A59}
	EndGlobalSection
EndGlobal
